{
  "name": "platforms",
  "version": "1.0.0",
  "lockfileVersion": 3,
  "requires": true,
  "packages": {
    "": {
      "name": "platforms",
      "version": "1.0.0",
      "license": "ISC",
      "dependencies": {
        "@regina-ms/ajs": "^1.0.1"
      }
    },
    "node_modules/@regina-ms/ajs": {
      "version": "1.0.1",
      "resolved": "https://npm.pkg.github.com/download/@regina-ms/ajs/1.0.1/7c540caafa0bd93078683a351243190479fd7509",
      "integrity": "sha512-W6p1phXW+uT0NSNRqV3yjpk6/WlO3tCX8y61zV3xQIuCBT/F5YX8bbibY8EXfJAM6LTGSwYevoZ/ZSGPhTLlwQ==",
      "license": "ISC"
    }
  }
}
